// !$*UTF8*$!
{
	archiveVersion = 1;
	classes = {
	};
	objectVersion = 56;
	objects = {

/* Begin PBXBuildFile section */
		5BA901F22BB47484008C8CBC /* AppDelegate.swift in Sources */ = {isa = PBXBuildFile; fileRef = 5BA901F12BB47484008C8CBC /* AppDelegate.swift */; };
		5BA901F42BB47484008C8CBC /* SceneDelegate.swift in Sources */ = {isa = PBXBuildFile; fileRef = 5BA901F32BB47484008C8CBC /* SceneDelegate.swift */; };
		5BA901F62BB47484008C8CBC /* IntroductionViewController.swift in Sources */ = {isa = PBXBuildFile; fileRef = 5BA901F52BB47484008C8CBC /* IntroductionViewController.swift */; };
		5BA901F92BB47484008C8CBC /* Main.storyboard in Resources */ = {isa = PBXBuildFile; fileRef = 5BA901F72BB47484008C8CBC /* Main.storyboard */; };
		5BA901FB2BB47484008C8CBC /* Assets.xcassets in Resources */ = {isa = PBXBuildFile; fileRef = 5BA901FA2BB47484008C8CBC /* Assets.xcassets */; };
		5BA901FE2BB47484008C8CBC /* LaunchScreen.storyboard in Resources */ = {isa = PBXBuildFile; fileRef = 5BA901FC2BB47484008C8CBC /* LaunchScreen.storyboard */; };
		5BA902092BB47485008C8CBC /* PersonalityQuizTests.swift in Sources */ = {isa = PBXBuildFile; fileRef = 5BA902082BB47485008C8CBC /* PersonalityQuizTests.swift */; };
		5BA902132BB47485008C8CBC /* PersonalityQuizUITests.swift in Sources */ = {isa = PBXBuildFile; fileRef = 5BA902122BB47485008C8CBC /* PersonalityQuizUITests.swift */; };
		5BA902152BB47485008C8CBC /* PersonalityQuizUITestsLaunchTests.swift in Sources */ = {isa = PBXBuildFile; fileRef = 5BA902142BB47485008C8CBC /* PersonalityQuizUITestsLaunchTests.swift */; };
		5BA902222BB5BDD9008C8CBC /* QuestionViewController.swift in Sources */ = {isa = PBXBuildFile; fileRef = 5BA902212BB5BDD9008C8CBC /* QuestionViewController.swift */; };
		5BA902242BB5BE1D008C8CBC /* ResultsViewController.swift in Sources */ = {isa = PBXBuildFile; fileRef = 5BA902232BB5BE1D008C8CBC /* ResultsViewController.swift */; };
		5BA902262BB5C7CE008C8CBC /* Question.swift in Sources */ = {isa = PBXBuildFile; fileRef = 5BA902252BB5C7CE008C8CBC /* Question.swift */; };
/* End PBXBuildFile section */

/* Begin PBXContainerItemProxy section */
		5BA902052BB47485008C8CBC /* PBXContainerItemProxy */ = {
			isa = PBXContainerItemProxy;
			containerPortal = 5BA901E62BB47483008C8CBC /* Project object */;
			proxyType = 1;
			remoteGlobalIDString = 5BA901ED2BB47484008C8CBC;
			remoteInfo = PersonalityQuiz;
		};
		5BA9020F2BB47485008C8CBC /* PBXContainerItemProxy */ = {
			isa = PBXContainerItemProxy;
			containerPortal = 5BA901E62BB47483008C8CBC /* Project object */;
			proxyType = 1;
			remoteGlobalIDString = 5BA901ED2BB47484008C8CBC;
			remoteInfo = PersonalityQuiz;
		};
/* End PBXContainerItemProxy section */

/* Begin PBXFileReference section */
		5BA901EE2BB47484008C8CBC /* PersonalityQuiz.app */ = {isa = PBXFileReference; explicitFileType = wrapper.application; includeInIndex = 0; path = PersonalityQuiz.app; sourceTree = BUILT_PRODUCTS_DIR; };
		5BA901F12BB47484008C8CBC /* AppDelegate.swift */ = {isa = PBXFileReference; lastKnownFileType = sourcecode.swift; path = AppDelegate.swift; sourceTree = "<group>"; };
		5BA901F32BB47484008C8CBC /* SceneDelegate.swift */ = {isa = PBXFileReference; lastKnownFileType = sourcecode.swift; path = SceneDelegate.swift; sourceTree = "<group>"; };
		5BA901F52BB47484008C8CBC /* IntroductionViewController.swift */ = {isa = PBXFileReference; lastKnownFileType = sourcecode.swift; path = IntroductionViewController.swift; sourceTree = "<group>"; };
		5BA901F82BB47484008C8CBC /* Base */ = {isa = PBXFileReference; lastKnownFileType = file.storyboard; name = Base; path = Base.lproj/Main.storyboard; sourceTree = "<group>"; };
		5BA901FA2BB47484008C8CBC /* Assets.xcassets */ = {isa = PBXFileReference; lastKnownFileType = folder.assetcatalog; path = Assets.xcassets; sourceTree = "<group>"; };
		5BA901FD2BB47484008C8CBC /* Base */ = {isa = PBXFileReference; lastKnownFileType = file.storyboard; name = Base; path = Base.lproj/LaunchScreen.storyboard; sourceTree = "<group>"; };
		5BA901FF2BB47484008C8CBC /* Info.plist */ = {isa = PBXFileReference; lastKnownFileType = text.plist.xml; path = Info.plist; sourceTree = "<group>"; };
		5BA902042BB47485008C8CBC /* PersonalityQuizTests.xctest */ = {isa = PBXFileReference; explicitFileType = wrapper.cfbundle; includeInIndex = 0; path = PersonalityQuizTests.xctest; sourceTree = BUILT_PRODUCTS_DIR; };
		5BA902082BB47485008C8CBC /* PersonalityQuizTests.swift */ = {isa = PBXFileReference; lastKnownFileType = sourcecode.swift; path = PersonalityQuizTests.swift; sourceTree = "<group>"; };
		5BA9020E2BB47485008C8CBC /* PersonalityQuizUITests.xctest */ = {isa = PBXFileReference; explicitFileType = wrapper.cfbundle; includeInIndex = 0; path = PersonalityQuizUITests.xctest; sourceTree = BUILT_PRODUCTS_DIR; };
		5BA902122BB47485008C8CBC /* PersonalityQuizUITests.swift */ = {isa = PBXFileReference; lastKnownFileType = sourcecode.swift; path = PersonalityQuizUITests.swift; sourceTree = "<group>"; };
		5BA902142BB47485008C8CBC /* PersonalityQuizUITestsLaunchTests.swift */ = {isa = PBXFileReference; lastKnownFileType = sourcecode.swift; path = PersonalityQuizUITestsLaunchTests.swift; sourceTree = "<group>"; };
		5BA902212BB5BDD9008C8CBC /* QuestionViewController.swift */ = {isa = PBXFileReference; lastKnownFileType = sourcecode.swift; path = QuestionViewController.swift; sourceTree = "<group>"; };
		5BA902232BB5BE1D008C8CBC /* ResultsViewController.swift */ = {isa = PBXFileReference; lastKnownFileType = sourcecode.swift; path = ResultsViewController.swift; sourceTree = "<group>"; };
		5BA902252BB5C7CE008C8CBC /* Question.swift */ = {isa = PBXFileReference; lastKnownFileType = sourcecode.swift; path = Question.swift; sourceTree = "<group>"; };
/* End PBXFileReference section */

/* Begin PBXFrameworksBuildPhase section */
		5BA901EB2BB47484008C8CBC /* Frameworks */ = {
			isa = PBXFrameworksBuildPhase;
			buildActionMask = 2147483647;
			files = (
			);
			runOnlyForDeploymentPostprocessing = 0;
		};
		5BA902012BB47485008C8CBC /* Frameworks */ = {
			isa = PBXFrameworksBuildPhase;
			buildActionMask = 2147483647;
			files = (
			);
			runOnlyForDeploymentPostprocessing = 0;
		};
		5BA9020B2BB47485008C8CBC /* Frameworks */ = {
			isa = PBXFrameworksBuildPhase;
			buildActionMask = 2147483647;
			files = (
			);
			runOnlyForDeploymentPostprocessing = 0;
		};
/* End PBXFrameworksBuildPhase section */

/* Begin PBXGroup section */
		5BA901E52BB47483008C8CBC = {
			isa = PBXGroup;
			children = (
				5BA901F02BB47484008C8CBC /* PersonalityQuiz */,
				5BA902072BB47485008C8CBC /* PersonalityQuizTests */,
				5BA902112BB47485008C8CBC /* PersonalityQuizUITests */,
				5BA901EF2BB47484008C8CBC /* Products */,
			);
			sourceTree = "<group>";
		};
		5BA901EF2BB47484008C8CBC /* Products */ = {
			isa = PBXGroup;
			children = (
				5BA901EE2BB47484008C8CBC /* PersonalityQuiz.app */,
				5BA902042BB47485008C8CBC /* PersonalityQuizTests.xctest */,
				5BA9020E2BB47485008C8CBC /* PersonalityQuizUITests.xctest */,
			);
			name = Products;
			sourceTree = "<group>";
		};
		5BA901F02BB47484008C8CBC /* PersonalityQuiz */ = {
			isa = PBXGroup;
			children = (
				5BA901F12BB47484008C8CBC /* AppDelegate.swift */,
				5BA901F32BB47484008C8CBC /* SceneDelegate.swift */,
				5BA901F52BB47484008C8CBC /* IntroductionViewController.swift */,
				5BA901F72BB47484008C8CBC /* Main.storyboard */,
				5BA901FA2BB47484008C8CBC /* Assets.xcassets */,
				5BA901FC2BB47484008C8CBC /* LaunchScreen.storyboard */,
				5BA901FF2BB47484008C8CBC /* Info.plist */,
				5BA902212BB5BDD9008C8CBC /* QuestionViewController.swift */,
				5BA902232BB5BE1D008C8CBC /* ResultsViewController.swift */,
				5BA902252BB5C7CE008C8CBC /* Question.swift */,
			);
			path = PersonalityQuiz;
			sourceTree = "<group>";
		};
		5BA902072BB47485008C8CBC /* PersonalityQuizTests */ = {
			isa = PBXGroup;
			children = (
				5BA902082BB47485008C8CBC /* PersonalityQuizTests.swift */,
			);
			path = PersonalityQuizTests;
			sourceTree = "<group>";
		};
		5BA902112BB47485008C8CBC /* PersonalityQuizUITests */ = {
			isa = PBXGroup;
			children = (
				5BA902122BB47485008C8CBC /* PersonalityQuizUITests.swift */,
				5BA902142BB47485008C8CBC /* PersonalityQuizUITestsLaunchTests.swift */,
			);
			path = PersonalityQuizUITests;
			sourceTree = "<group>";
		};
/* End PBXGroup section */

/* Begin PBXNativeTarget section */
		5BA901ED2BB47484008C8CBC /* PersonalityQuiz */ = {
			isa = PBXNativeTarget;
			buildConfigurationList = 5BA902182BB47485008C8CBC /* Build configuration list for PBXNativeTarget "PersonalityQuiz" */;
			buildPhases = (
				5BA901EA2BB47484008C8CBC /* Sources */,
				5BA901EB2BB47484008C8CBC /* Frameworks */,
				5BA901EC2BB47484008C8CBC /* Resources */,
			);
			buildRules = (
			);
			dependencies = (
			);
			name = PersonalityQuiz;
			productName = PersonalityQuiz;
			productReference = 5BA901EE2BB47484008C8CBC /* PersonalityQuiz.app */;
			productType = "com.apple.product-type.application";
		};
		5BA902032BB47485008C8CBC /* PersonalityQuizTests */ = {
			isa = PBXNativeTarget;
			buildConfigurationList = 5BA9021B2BB47485008C8CBC /* Build configuration list for PBXNativeTarget "PersonalityQuizTests" */;
			buildPhases = (
				5BA902002BB47485008C8CBC /* Sources */,
				5BA902012BB47485008C8CBC /* Frameworks */,
				5BA902022BB47485008C8CBC /* Resources */,
			);
			buildRules = (
			);
			dependencies = (
				5BA902062BB47485008C8CBC /* PBXTargetDependency */,
			);
			name = PersonalityQuizTests;
			productName = PersonalityQuizTests;
			productReference = 5BA902042BB47485008C8CBC /* PersonalityQuizTests.xctest */;
			productType = "com.apple.product-type.bundle.unit-test";
		};
		5BA9020D2BB47485008C8CBC /* PersonalityQuizUITests */ = {
			isa = PBXNativeTarget;
			buildConfigurationList = 5BA9021E2BB47485008C8CBC /* Build configuration list for PBXNativeTarget "PersonalityQuizUITests" */;
			buildPhases = (
				5BA9020A2BB47485008C8CBC /* Sources */,
				5BA9020B2BB47485008C8CBC /* Frameworks */,
				5BA9020C2BB47485008C8CBC /* Resources */,
			);
			buildRules = (
			);
			dependencies = (
				5BA902102BB47485008C8CBC /* PBXTargetDependency */,
			);
			name = PersonalityQuizUITests;
			productName = PersonalityQuizUITests;
			productReference = 5BA9020E2BB47485008C8CBC /* PersonalityQuizUITests.xctest */;
			productType = "com.apple.product-type.bundle.ui-testing";
		};
/* End PBXNativeTarget section */

/* Begin PBXProject section */
		5BA901E62BB47483008C8CBC /* Project object */ = {
			isa = PBXProject;
			attributes = {
				BuildIndependentTargetsInParallel = 1;
				LastSwiftUpdateCheck = 1510;
				LastUpgradeCheck = 1510;
				TargetAttributes = {
					5BA901ED2BB47484008C8CBC = {
						CreatedOnToolsVersion = 15.1;
					};
					5BA902032BB47485008C8CBC = {
						CreatedOnToolsVersion = 15.1;
						TestTargetID = 5BA901ED2BB47484008C8CBC;
					};
					5BA9020D2BB47485008C8CBC = {
						CreatedOnToolsVersion = 15.1;
						TestTargetID = 5BA901ED2BB47484008C8CBC;
					};
				};
			};
			buildConfigurationList = 5BA901E92BB47483008C8CBC /* Build configuration list for PBXProject "PersonalityQuiz" */;
			compatibilityVersion = "Xcode 14.0";
			developmentRegion = en;
			hasScannedForEncodings = 0;
			knownRegions = (
				en,
				Base,
			);
			mainGroup = 5BA901E52BB47483008C8CBC;
			productRefGroup = 5BA901EF2BB47484008C8CBC /* Products */;
			projectDirPath = "";
			projectRoot = "";
			targets = (
				5BA901ED2BB47484008C8CBC /* PersonalityQuiz */,
				5BA902032BB47485008C8CBC /* PersonalityQuizTests */,
				5BA9020D2BB47485008C8CBC /* PersonalityQuizUITests */,
			);
		};
/* End PBXProject section */

/* Begin PBXResourcesBuildPhase section */
		5BA901EC2BB47484008C8CBC /* Resources */ = {
			isa = PBXResourcesBuildPhase;
			buildActionMask = 2147483647;
			files = (
				5BA901FE2BB47484008C8CBC /* LaunchScreen.storyboard in Resources */,
				5BA901FB2BB47484008C8CBC /* Assets.xcassets in Resources */,
				5BA901F92BB47484008C8CBC /* Main.storyboard in Resources */,
			);
			runOnlyForDeploymentPostprocessing = 0;
		};
		5BA902022BB47485008C8CBC /* Resources */ = {
			isa = PBXResourcesBuildPhase;
			buildActionMask = 2147483647;
			files = (
			);
			runOnlyForDeploymentPostprocessing = 0;
		};
		5BA9020C2BB47485008C8CBC /* Resources */ = {
			isa = PBXResourcesBuildPhase;
			buildActionMask = 2147483647;
			files = (
			);
			runOnlyForDeploymentPostprocessing = 0;
		};
/* End PBXResourcesBuildPhase section */

/* Begin PBXSourcesBuildPhase section */
		5BA901EA2BB47484008C8CBC /* Sources */ = {
			isa = PBXSourcesBuildPhase;
			buildActionMask = 2147483647;
			files = (
				5BA901F62BB47484008C8CBC /* IntroductionViewController.swift in Sources */,
				5BA901F22BB47484008C8CBC /* AppDelegate.swift in Sources */,
				5BA902222BB5BDD9008C8CBC /* QuestionViewController.swift in Sources */,
				5BA902262BB5C7CE008C8CBC /* Question.swift in Sources */,
				5BA902242BB5BE1D008C8CBC /* ResultsViewController.swift in Sources */,
				5BA901F42BB47484008C8CBC /* SceneDelegate.swift in Sources */,
			);
			runOnlyForDeploymentPostprocessing = 0;
		};
		5BA902002BB47485008C8CBC /* Sources */ = {
			isa = PBXSourcesBuildPhase;
			buildActionMask = 2147483647;
			files = (
				5BA902092BB47485008C8CBC /* PersonalityQuizTests.swift in Sources */,
			);
			runOnlyForDeploymentPostprocessing = 0;
		};
		5BA9020A2BB47485008C8CBC /* Sources */ = {
			isa = PBXSourcesBuildPhase;
			buildActionMask = 2147483647;
			files = (
				5BA902152BB47485008C8CBC /* PersonalityQuizUITestsLaunchTests.swift in Sources */,
				5BA902132BB47485008C8CBC /* PersonalityQuizUITests.swift in Sources */,
			);
			runOnlyForDeploymentPostprocessing = 0;
		};
/* End PBXSourcesBuildPhase section */

/* Begin PBXTargetDependency section */
		5BA902062BB47485008C8CBC /* PBXTargetDependency */ = {
			isa = PBXTargetDependency;
			target = 5BA901ED2BB47484008C8CBC /* PersonalityQuiz */;
			targetProxy = 5BA902052BB47485008C8CBC /* PBXContainerItemProxy */;
		};
		5BA902102BB47485008C8CBC /* PBXTargetDependency */ = {
			isa = PBXTargetDependency;
			target = 5BA901ED2BB47484008C8CBC /* PersonalityQuiz */;
			targetProxy = 5BA9020F2BB47485008C8CBC /* PBXContainerItemProxy */;
		};
/* End PBXTargetDependency section */

/* Begin PBXVariantGroup section */
		5BA901F72BB47484008C8CBC /* Main.storyboard */ = {
			isa = PBXVariantGroup;
			children = (
				5BA901F82BB47484008C8CBC /* Base */,
			);
			name = Main.storyboard;
			sourceTree = "<group>";
		};
		5BA901FC2BB47484008C8CBC /* LaunchScreen.storyboard */ = {
			isa = PBXVariantGroup;
			children = (
				5BA901FD2BB47484008C8CBC /* Base */,
			);
			name = LaunchScreen.storyboard;
			sourceTree = "<group>";
		};
/* End PBXVariantGroup section */

/* Begin XCBuildConfiguration section */
		5BA902162BB47485008C8CBC /* Debug */ = {
			isa = XCBuildConfiguration;
			buildSettings = {
				ALWAYS_SEARCH_USER_PATHS = NO;
				ASSETCATALOG_COMPILER_GENERATE_SWIFT_ASSET_SYMBOL_EXTENSIONS = YES;
				CLANG_ANALYZER_NONNULL = YES;
				CLANG_ANALYZER_NUMBER_OBJECT_CONVERSION = YES_AGGRESSIVE;
				CLANG_CXX_LANGUAGE_STANDARD = "gnu++20";
				CLANG_ENABLE_MODULES = YES;
				CLANG_ENABLE_OBJC_ARC = YES;
				CLANG_ENABLE_OBJC_WEAK = YES;
				CLANG_WARN_BLOCK_CAPTURE_AUTORELEASING = YES;
				CLANG_WARN_BOOL_CONVERSION = YES;
				CLANG_WARN_COMMA = YES;
				CLANG_WARN_CONSTANT_CONVERSION = YES;
				CLANG_WARN_DEPRECATED_OBJC_IMPLEMENTATIONS = YES;
				CLANG_WARN_DIRECT_OBJC_ISA_USAGE = YES_ERROR;
				CLANG_WARN_DOCUMENTATION_COMMENTS = YES;
				CLANG_WARN_EMPTY_BODY = YES;
				CLANG_WARN_ENUM_CONVERSION = YES;
				CLANG_WARN_INFINITE_RECURSION = YES;
				CLANG_WARN_INT_CONVERSION = YES;
				CLANG_WARN_NON_LITERAL_NULL_CONVERSION = YES;
				CLANG_WARN_OBJC_IMPLICIT_RETAIN_SELF = YES;
				CLANG_WARN_OBJC_LITERAL_CONVERSION = YES;
				CLANG_WARN_OBJC_ROOT_CLASS = YES_ERROR;
				CLANG_WARN_QUOTED_INCLUDE_IN_FRAMEWORK_HEADER = YES;
				CLANG_WARN_RANGE_LOOP_ANALYSIS = YES;
				CLANG_WARN_STRICT_PROTOTYPES = YES;
				CLANG_WARN_SUSPICIOUS_MOVE = YES;
				CLANG_WARN_UNGUARDED_AVAILABILITY = YES_AGGRESSIVE;
				CLANG_WARN_UNREACHABLE_CODE = YES;
				CLANG_WARN__DUPLICATE_METHOD_MATCH = YES;
				COPY_PHASE_STRIP = NO;
				DEBUG_INFORMATION_FORMAT = dwarf;
				ENABLE_STRICT_OBJC_MSGSEND = YES;
				ENABLE_TESTABILITY = YES;
				ENABLE_USER_SCRIPT_SANDBOXING = YES;
				GCC_C_LANGUAGE_STANDARD = gnu17;
				GCC_DYNAMIC_NO_PIC = NO;
				GCC_NO_COMMON_BLOCKS = YES;
				GCC_OPTIMIZATION_LEVEL = 0;
				GCC_PREPROCESSOR_DEFINITIONS = (
					"DEBUG=1",
					"$(inherited)",
				);
				GCC_WARN_64_TO_32_BIT_CONVERSION = YES;
				GCC_WARN_ABOUT_RETURN_TYPE = YES_ERROR;
				GCC_WARN_UNDECLARED_SELECTOR = YES;
				GCC_WARN_UNINITIALIZED_AUTOS = YES_AGGRESSIVE;
				GCC_WARN_UNUSED_FUNCTION = YES;
				GCC_WARN_UNUSED_VARIABLE = YES;
				IPHONEOS_DEPLOYMENT_TARGET = 17.2;
				LOCALIZATION_PREFERS_STRING_CATALOGS = YES;
				MTL_ENABLE_DEBUG_INFO = INCLUDE_SOURCE;
				MTL_FAST_MATH = YES;
				ONLY_ACTIVE_ARCH = YES;
				SDKROOT = iphoneos;
				SWIFT_ACTIVE_COMPILATION_CONDITIONS = "DEBUG $(inherited)";
				SWIFT_OPTIMIZATION_LEVEL = "-Onone";
			};
			name = Debug;
		};
		5BA902172BB47485008C8CBC /* Release */ = {
			isa = XCBuildConfiguration;
			buildSettings = {
				ALWAYS_SEARCH_USER_PATHS = NO;
				ASSETCATALOG_COMPILER_GENERATE_SWIFT_ASSET_SYMBOL_EXTENSIONS = YES;
				CLANG_ANALYZER_NONNULL = YES;
				CLANG_ANALYZER_NUMBER_OBJECT_CONVERSION = YES_AGGRESSIVE;
				CLANG_CXX_LANGUAGE_STANDARD = "gnu++20";
				CLANG_ENABLE_MODULES = YES;
				CLANG_ENABLE_OBJC_ARC = YES;
				CLANG_ENABLE_OBJC_WEAK = YES;
				CLANG_WARN_BLOCK_CAPTURE_AUTORELEASING = YES;
				CLANG_WARN_BOOL_CONVERSION = YES;
				CLANG_WARN_COMMA = YES;
				CLANG_WARN_CONSTANT_CONVERSION = YES;
				CLANG_WARN_DEPRECATED_OBJC_IMPLEMENTATIONS = YES;
				CLANG_WARN_DIRECT_OBJC_ISA_USAGE = YES_ERROR;
				CLANG_WARN_DOCUMENTATION_COMMENTS = YES;
				CLANG_WARN_EMPTY_BODY = YES;
				CLANG_WARN_ENUM_CONVERSION = YES;
				CLANG_WARN_INFINITE_RECURSION = YES;
				CLANG_WARN_INT_CONVERSION = YES;
				CLANG_WARN_NON_LITERAL_NULL_CONVERSION = YES;
				CLANG_WARN_OBJC_IMPLICIT_RETAIN_SELF = YES;
				CLANG_WARN_OBJC_LITERAL_CONVERSION = YES;
				CLANG_WARN_OBJC_ROOT_CLASS = YES_ERROR;
				CLANG_WARN_QUOTED_INCLUDE_IN_FRAMEWORK_HEADER = YES;
				CLANG_WARN_RANGE_LOOP_ANALYSIS = YES;
				CLANG_WARN_STRICT_PROTOTYPES = YES;
				CLANG_WARN_SUSPICIOUS_MOVE = YES;
				CLANG_WARN_UNGUARDED_AVAILABILITY = YES_AGGRESSIVE;
				CLANG_WARN_UNREACHABLE_CODE = YES;
				CLANG_WARN__DUPLICATE_METHOD_MATCH = YES;
				COPY_PHASE_STRIP = NO;
				DEBUG_INFORMATION_FORMAT = "dwarf-with-dsym";
				ENABLE_NS_ASSERTIONS = NO;
				ENABLE_STRICT_OBJC_MSGSEND = YES;
				ENABLE_USER_SCRIPT_SANDBOXING = YES;
				GCC_C_LANGUAGE_STANDARD = gnu17;
				GCC_NO_COMMON_BLOCKS = YES;
				GCC_WARN_64_TO_32_BIT_CONVERSION = YES;
				GCC_WARN_ABOUT_RETURN_TYPE = YES_ERROR;
				GCC_WARN_UNDECLARED_SELECTOR = YES;
				GCC_WARN_UNINITIALIZED_AUTOS = YES_AGGRESSIVE;
				GCC_WARN_UNUSED_FUNCTION = YES;
				GCC_WARN_UNUSED_VARIABLE = YES;
				IPHONEOS_DEPLOYMENT_TARGET = 17.2;
				LOCALIZATION_PREFERS_STRING_CATALOGS = YES;
				MTL_ENABLE_DEBUG_INFO = NO;
				MTL_FAST_MATH = YES;
				SDKROOT = iphoneos;
				SWIFT_COMPILATION_MODE = wholemodule;
				VALIDATE_PRODUCT = YES;
			};
			name = Release;
		};
		5BA902192BB47485008C8CBC /* Debug */ = {
			isa = XCBuildConfiguration;
			buildSettings = {
				ASSETCATALOG_COMPILER_APPICON_NAME = AppIcon;
				ASSETCATALOG_COMPILER_GLOBAL_ACCENT_COLOR_NAME = AccentColor;
				CODE_SIGN_STYLE = Automatic;
				CURRENT_PROJECT_VERSION = 1;
				GENERATE_INFOPLIST_FILE = YES;
				INFOPLIST_FILE = PersonalityQuiz/Info.plist;
				INFOPLIST_KEY_UIApplicationSupportsIndirectInputEvents = YES;
				INFOPLIST_KEY_UILaunchStoryboardName = LaunchScreen;
				INFOPLIST_KEY_UIMainStoryboardFile = Main;
				INFOPLIST_KEY_UISupportedInterfaceOrientations_iPad = "UIInterfaceOrientationPortrait UIInterfaceOrientationPortraitUpsideDown UIInterfaceOrientationLandscapeLeft UIInterfaceOrientationLandscapeRight";
				INFOPLIST_KEY_UISupportedInterfaceOrientations_iPhone = "UIInterfaceOrientationPortrait UIInterfaceOrientationLandscapeLeft UIInterfaceOrientationLandscapeRight";
				LD_RUNPATH_SEARCH_PATHS = (
					"$(inherited)",
					"@executable_path/Frameworks",
				);
				MARKETING_VERSION = 1.0;
				PRODUCT_BUNDLE_IDENTIFIER = bahar.PersonalityQuiz;
				PRODUCT_NAME = "$(TARGET_NAME)";
				SWIFT_EMIT_LOC_STRINGS = YES;
				SWIFT_VERSION = 5.0;
				TARGETED_DEVICE_FAMILY = "1,2";
			};
			name = Debug;
		};
		5BA9021A2BB47485008C8CBC /* Release */ = {
			isa = XCBuildConfiguration;
			buildSettings = {
				ASSETCATALOG_COMPILER_APPICON_NAME = AppIcon;
				ASSETCATALOG_COMPILER_GLOBAL_ACCENT_COLOR_NAME = AccentColor;
				CODE_SIGN_STYLE = Automatic;
				CURRENT_PROJECT_VERSION = 1;
				GENERATE_INFOPLIST_FILE = YES;
				INFOPLIST_FILE = PersonalityQuiz/Info.plist;
				INFOPLIST_KEY_UIApplicationSupportsIndirectInputEvents = YES;
				INFOPLIST_KEY_UILaunchStoryboardName = LaunchScreen;
				INFOPLIST_KEY_UIMainStoryboardFile = Main;
				INFOPLIST_KEY_UISupportedInterfaceOrientations_iPad = "UIInterfaceOrientationPortrait UIInterfaceOrientationPortraitUpsideDown UIInterfaceOrientationLandscapeLeft UIInterfaceOrientationLandscapeRight";
				INFOPLIST_KEY_UISupportedInterfaceOrientations_iPhone = "UIInterfaceOrientationPortrait UIInterfaceOrientationLandscapeLeft UIInterfaceOrientationLandscapeRight";
				LD_RUNPATH_SEARCH_PATHS = (
					"$(inherited)",
					"@executable_path/Frameworks",
				);
				MARKETING_VERSION = 1.0;
				PRODUCT_BUNDLE_IDENTIFIER = bahar.PersonalityQuiz;
				PRODUCT_NAME = "$(TARGET_NAME)";
				SWIFT_EMIT_LOC_STRINGS = YES;
				SWIFT_VERSION = 5.0;
				TARGETED_DEVICE_FAMILY = "1,2";
			};
			name = Release;
		};
		5BA9021C2BB47485008C8CBC /* Debug */ = {
			isa = XCBuildConfiguration;
			buildSettings = {
				ALWAYS_EMBED_SWIFT_STANDARD_LIBRARIES = YES;
				BUNDLE_LOADER = "$(TEST_HOST)";
				CODE_SIGN_STYLE = Automatic;
				CURRENT_PROJECT_VERSION = 1;
				GENERATE_INFOPLIST_FILE = YES;
				IPHONEOS_DEPLOYMENT_TARGET = 17.2;
				MARKETING_VERSION = 1.0;
				PRODUCT_BUNDLE_IDENTIFIER = bahar.PersonalityQuizTests;
				PRODUCT_NAME = "$(TARGET_NAME)";
				SWIFT_EMIT_LOC_STRINGS = NO;
				SWIFT_VERSION = 5.0;
				TARGETED_DEVICE_FAMILY = "1,2";
				TEST_HOST = "$(BUILT_PRODUCTS_DIR)/PersonalityQuiz.app/$(BUNDLE_EXECUTABLE_FOLDER_PATH)/PersonalityQuiz";
			};
			name = Debug;
		};
		5BA9021D2BB47485008C8CBC /* Release */ = {
			isa = XCBuildConfiguration;
			buildSettings = {
				ALWAYS_EMBED_SWIFT_STANDARD_LIBRARIES = YES;
				BUNDLE_LOADER = "$(TEST_HOST)";
				CODE_SIGN_STYLE = Automatic;
				CURRENT_PROJECT_VERSION = 1;
				GENERATE_INFOPLIST_FILE = YES;
				IPHONEOS_DEPLOYMENT_TARGET = 17.2;
				MARKETING_VERSION = 1.0;
				PRODUCT_BUNDLE_IDENTIFIER = bahar.PersonalityQuizTests;
				PRODUCT_NAME = "$(TARGET_NAME)";
				SWIFT_EMIT_LOC_STRINGS = NO;
				SWIFT_VERSION = 5.0;
				TARGETED_DEVICE_FAMILY = "1,2";
				TEST_HOST = "$(BUILT_PRODUCTS_DIR)/PersonalityQuiz.app/$(BUNDLE_EXECUTABLE_FOLDER_PATH)/PersonalityQuiz";
			};
			name = Release;
		};
		5BA9021F2BB47485008C8CBC /* Debug */ = {
			isa = XCBuildConfiguration;
			buildSettings = {
				ALWAYS_EMBED_SWIFT_STANDARD_LIBRARIES = YES;
				CODE_SIGN_STYLE = Automatic;
				CURRENT_PROJECT_VERSION = 1;
				GENERATE_INFOPLIST_FILE = YES;
				MARKETING_VERSION = 1.0;
				PRODUCT_BUNDLE_IDENTIFIER = bahar.PersonalityQuizUITests;
				PRODUCT_NAME = "$(TARGET_NAME)";
				SWIFT_EMIT_LOC_STRINGS = NO;
				SWIFT_VERSION = 5.0;
				TARGETED_DEVICE_FAMILY = "1,2";
				TEST_TARGET_NAME = PersonalityQuiz;
			};
			name = Debug;
		};
		5BA902202BB47485008C8CBC /* Release */ = {
			isa = XCBuildConfiguration;
			buildSettings = {
				ALWAYS_EMBED_SWIFT_STANDARD_LIBRARIES = YES;
				CODE_SIGN_STYLE = Automatic;
				CURRENT_PROJECT_VERSION = 1;
				GENERATE_INFOPLIST_FILE = YES;
				MARKETING_VERSION = 1.0;
				PRODUCT_BUNDLE_IDENTIFIER = bahar.PersonalityQuizUITests;
				PRODUCT_NAME = "$(TARGET_NAME)";
				SWIFT_EMIT_LOC_STRINGS = NO;
				SWIFT_VERSION = 5.0;
				TARGETED_DEVICE_FAMILY = "1,2";
				TEST_TARGET_NAME = PersonalityQuiz;
			};
			name = Release;
		};
/* End XCBuildConfiguration section */

/* Begin XCConfigurationList section */
		5BA901E92BB47483008C8CBC /* Build configuration list for PBXProject "PersonalityQuiz" */ = {
			isa = XCConfigurationList;
			buildConfigurations = (
				5BA902162BB47485008C8CBC /* Debug */,
				5BA902172BB47485008C8CBC /* Release */,
			);
			defaultConfigurationIsVisible = 0;
			defaultConfigurationName = Release;
		};
		5BA902182BB47485008C8CBC /* Build configuration list for PBXNativeTarget "PersonalityQuiz" */ = {
			isa = XCConfigurationList;
			buildConfigurations = (
				5BA902192BB47485008C8CBC /* Debug */,
				5BA9021A2BB47485008C8CBC /* Release */,
			);
			defaultConfigurationIsVisible = 0;
			defaultConfigurationName = Release;
		};
		5BA9021B2BB47485008C8CBC /* Build configuration list for PBXNativeTarget "PersonalityQuizTests" */ = {
			isa = XCConfigurationList;
			buildConfigurations = (
				5BA9021C2BB47485008C8CBC /* Debug */,
				5BA9021D2BB47485008C8CBC /* Release */,
			);
			defaultConfigurationIsVisible = 0;
			defaultConfigurationName = Release;
		};
		5BA9021E2BB47485008C8CBC /* Build configuration list for PBXNativeTarget "PersonalityQuizUITests" */ = {
			isa = XCConfigurationList;
			buildConfigurations = (
				5BA9021F2BB47485008C8CBC /* Debug */,
				5BA902202BB47485008C8CBC /* Release */,
			);
			defaultConfigurationIsVisible = 0;
			defaultConfigurationName = Release;
		};
/* End XCConfigurationList section */
	};
	rootObject = 5BA901E62BB47483008C8CBC /* Project object */;
}
